
Microsoft Visual Studio Solution File, Format Version 12.00
# Visual Studio 15
VisualStudioVersion = 15.0.26730.8
MinimumVisualStudioVersion = 10.0.40219.1
Project("{FAE04EC0-301F-11D3-BF4B-00C04F79EFBC}") = "MyApplication", "MyApplication\MyApplication.csproj", "{661B7296-3375-44C6-BA3E-A936E7D47A06}"
EndProject
Global
	GlobalSection(SolutionConfigurationPlatforms) = preSolution
		Debug|Any CPU = Debug|Any CPU
		Release|Any CPU = Release|Any CPU
	EndGlobalSection
	GlobalSection(ProjectConfigurationPlatforms) = postSolution
		{661B7296-3375-44C6-BA3E-A936E7D47A06}.Debug|Any CPU.ActiveCfg = Debug|Any CPU
		{661B7296-3375-44C6-BA3E-A936E7D47A06}.Debug|Any CPU.Build.0 = Debug|Any CPU
		{661B7296-3375-44C6-BA3E-A936E7D47A06}.Release|Any CPU.ActiveCfg = Release|Any CPU
		{661B7296-3375-44C6-BA3E-A936E7D47A06}.Release|Any CPU.Build.0 = Release|Any CPU
	EndGlobalSection
	GlobalSection(SolutionProperties) = preSolution
		HideSolutionNode = FALSE
	EndGlobalSection
	GlobalSection(ExtensibilityGlobals) = postSolution
		SolutionGuid = {21A52CD3-259A-49D6-89A8-AB6D8E7F3468}
	EndGlobalSection
EndGlobal
